
Microsoft Visual Studio Solution File, Format Version 12.00
# Visual Studio Version 17
VisualStudioVersion = 17.5.33424.131
MinimumVisualStudioVersion = 10.0.40219.1
Project("{9A19103F-16F7-4668-BE54-9A1E7A4F7556}") = "NET_7_API_Playground", "NET_7_API_Playground\NET_7_API_Playground.csproj", "{FFEE661E-DDBF-45AE-AEBC-2AEF50F86B8D}"
EndProject
Project("{FAE04EC0-301F-11D3-BF4B-00C04F79EFBC}") = "NET_7_API_Playground.Models", "NET_7_API_Playground.Models\NET_7_API_Playground.Models.csproj", "{395DBF4A-4E5C-47DC-A0B0-DE3E2B31BEA8}"
EndProject
Global
	GlobalSection(SolutionConfigurationPlatforms) = preSolution
		Debug|Any CPU = Debug|Any CPU
		Release|Any CPU = Release|Any CPU
	EndGlobalSection
	GlobalSection(ProjectConfigurationPlatforms) = postSolution
		{FFEE661E-DDBF-45AE-AEBC-2AEF50F86B8D}.Debug|Any CPU.ActiveCfg = Debug|Any CPU
		{FFEE661E-DDBF-45AE-AEBC-2AEF50F86B8D}.Debug|Any CPU.Build.0 = Debug|Any CPU
		{FFEE661E-DDBF-45AE-AEBC-2AEF50F86B8D}.Release|Any CPU.ActiveCfg = Release|Any CPU
		{FFEE661E-DDBF-45AE-AEBC-2AEF50F86B8D}.Release|Any CPU.Build.0 = Release|Any CPU
		{395DBF4A-4E5C-47DC-A0B0-DE3E2B31BEA8}.Debug|Any CPU.ActiveCfg = Debug|Any CPU
		{395DBF4A-4E5C-47DC-A0B0-DE3E2B31BEA8}.Debug|Any CPU.Build.0 = Debug|Any CPU
		{395DBF4A-4E5C-47DC-A0B0-DE3E2B31BEA8}.Release|Any CPU.ActiveCfg = Release|Any CPU
		{395DBF4A-4E5C-47DC-A0B0-DE3E2B31BEA8}.Release|Any CPU.Build.0 = Release|Any CPU
	EndGlobalSection
	GlobalSection(SolutionProperties) = preSolution
		HideSolutionNode = FALSE
	EndGlobalSection
	GlobalSection(ExtensibilityGlobals) = postSolution
		SolutionGuid = {0B66CB77-0FAE-479E-93FB-97F9720107CE}
	EndGlobalSection
EndGlobal
